// !$*UTF8*$!
{
	archiveVersion = 1;
	classes = {
	};
	objectVersion = 46;
	objects = {

/* Begin PBXBuildFile section */
		7E167A76B717C094A6F8B5EB /* Pods_DMX_DIP_Converter.framework in Frameworks */ = {isa = PBXBuildFile; fileRef = B6D1FB9926D827957E4601B6 /* Pods_DMX_DIP_Converter.framework */; };
		F5137D141D635F3500D6497C /* DMX-DIP.swift in Sources */ = {isa = PBXBuildFile; fileRef = F5137D131D635F3500D6497C /* DMX-DIP.swift */; };
		F5137D151D635FB500D6497C /* DMX-DIP.swift in Sources */ = {isa = PBXBuildFile; fileRef = F5137D131D635F3500D6497C /* DMX-DIP.swift */; };
		F5137D161D63654B00D6497C /* customswitch_on.png in Resources */ = {isa = PBXBuildFile; fileRef = F57A23C01D3B588A00970E9E /* customswitch_on.png */; };
		F5137D171D63654D00D6497C /* customswitch_off.png in Resources */ = {isa = PBXBuildFile; fileRef = F57A23BF1D3B588A00970E9E /* customswitch_off.png */; };
		F5137D181D63654F00D6497C /* arrow_up_64.png in Resources */ = {isa = PBXBuildFile; fileRef = F57A23BE1D3B588A00970E9E /* arrow_up_64.png */; };
		F5137D191D63655100D6497C /* arrow_down_64.png in Resources */ = {isa = PBXBuildFile; fileRef = F57A23BD1D3B588A00970E9E /* arrow_down_64.png */; };
		F5137D1A1D63655300D6497C /* gear_64.png in Resources */ = {isa = PBXBuildFile; fileRef = F57A23C11D3B588A00970E9E /* gear_64.png */; };
		F51C2EBC1D3C4E0D002FDABB /* SettingsViewController.swift in Sources */ = {isa = PBXBuildFile; fileRef = F51C2EBB1D3C4E0D002FDABB /* SettingsViewController.swift */; };
		F54E20531D50A1BF00607782 /* NotificationCenter.framework in Frameworks */ = {isa = PBXBuildFile; fileRef = F54E20521D50A1BF00607782 /* NotificationCenter.framework */; };
		F54E20561D50A1BF00607782 /* TodayViewController.swift in Sources */ = {isa = PBXBuildFile; fileRef = F54E20551D50A1BF00607782 /* TodayViewController.swift */; };
		F54E20591D50A1BF00607782 /* MainInterface.storyboard in Resources */ = {isa = PBXBuildFile; fileRef = F54E20571D50A1BF00607782 /* MainInterface.storyboard */; };
		F54E205D1D50A1BF00607782 /* DMX-DIP Converter Today Extension.appex in Embed App Extensions */ = {isa = PBXBuildFile; fileRef = F54E20511D50A1BF00607782 /* DMX-DIP Converter Today Extension.appex */; settings = {ATTRIBUTES = (RemoveHeadersOnCopy, ); }; };
		F550EFF01D4959AA00526336 /* GradientSlider.swift in Sources */ = {isa = PBXBuildFile; fileRef = F550EFEF1D4959A900526336 /* GradientSlider.swift */; };
		F57A238C1D3AF94B00970E9E /* AppDelegate.swift in Sources */ = {isa = PBXBuildFile; fileRef = F57A238B1D3AF94B00970E9E /* AppDelegate.swift */; };
		F57A238E1D3AF94B00970E9E /* ViewController.swift in Sources */ = {isa = PBXBuildFile; fileRef = F57A238D1D3AF94B00970E9E /* ViewController.swift */; };
		F57A23911D3AF94B00970E9E /* Main.storyboard in Resources */ = {isa = PBXBuildFile; fileRef = F57A238F1D3AF94B00970E9E /* Main.storyboard */; };
		F57A23931D3AF94B00970E9E /* Assets.xcassets in Resources */ = {isa = PBXBuildFile; fileRef = F57A23921D3AF94B00970E9E /* Assets.xcassets */; };
		F57A23961D3AF94B00970E9E /* LaunchScreen.storyboard in Resources */ = {isa = PBXBuildFile; fileRef = F57A23941D3AF94B00970E9E /* LaunchScreen.storyboard */; };
		F57A23A11D3AF94B00970E9E /* DMX_DIP_ConverterTests.swift in Sources */ = {isa = PBXBuildFile; fileRef = F57A23A01D3AF94B00970E9E /* DMX_DIP_ConverterTests.swift */; };
		F57A23AC1D3AF94C00970E9E /* DMX_DIP_ConverterUITests.swift in Sources */ = {isa = PBXBuildFile; fileRef = F57A23AB1D3AF94C00970E9E /* DMX_DIP_ConverterUITests.swift */; };
		F57A23C21D3B588A00970E9E /* arrow_down_64.png in Resources */ = {isa = PBXBuildFile; fileRef = F57A23BD1D3B588A00970E9E /* arrow_down_64.png */; };
		F57A23C31D3B588A00970E9E /* arrow_up_64.png in Resources */ = {isa = PBXBuildFile; fileRef = F57A23BE1D3B588A00970E9E /* arrow_up_64.png */; };
		F57A23C41D3B588A00970E9E /* customswitch_off.png in Resources */ = {isa = PBXBuildFile; fileRef = F57A23BF1D3B588A00970E9E /* customswitch_off.png */; };
		F57A23C51D3B588A00970E9E /* customswitch_on.png in Resources */ = {isa = PBXBuildFile; fileRef = F57A23C01D3B588A00970E9E /* customswitch_on.png */; };
		F57A23C61D3B588A00970E9E /* gear_64.png in Resources */ = {isa = PBXBuildFile; fileRef = F57A23C11D3B588A00970E9E /* gear_64.png */; };
		F57E76821D472792008E746A /* ColorSelectorViewController.swift in Sources */ = {isa = PBXBuildFile; fileRef = F57E76811D472792008E746A /* ColorSelectorViewController.swift */; };
		F57E76841D473463008E746A /* ColorCustomizationViewController.swift in Sources */ = {isa = PBXBuildFile; fileRef = F57E76831D473463008E746A /* ColorCustomizationViewController.swift */; };
/* End PBXBuildFile section */

/* Begin PBXContainerItemProxy section */
		F54E205B1D50A1BF00607782 /* PBXContainerItemProxy */ = {
			isa = PBXContainerItemProxy;
			containerPortal = F57A23801D3AF94B00970E9E /* Project object */;
			proxyType = 1;
			remoteGlobalIDString = F54E20501D50A1BF00607782;
			remoteInfo = "DMX-DIP Converter Today Extension";
		};
		F57A239D1D3AF94B00970E9E /* PBXContainerItemProxy */ = {
			isa = PBXContainerItemProxy;
			containerPortal = F57A23801D3AF94B00970E9E /* Project object */;
			proxyType = 1;
			remoteGlobalIDString = F57A23871D3AF94B00970E9E;
			remoteInfo = "DMX-DIP Converter";
		};
		F57A23A81D3AF94C00970E9E /* PBXContainerItemProxy */ = {
			isa = PBXContainerItemProxy;
			containerPortal = F57A23801D3AF94B00970E9E /* Project object */;
			proxyType = 1;
			remoteGlobalIDString = F57A23871D3AF94B00970E9E;
			remoteInfo = "DMX-DIP Converter";
		};
/* End PBXContainerItemProxy section */

/* Begin PBXCopyFilesBuildPhase section */
		F54E20611D50A1BF00607782 /* Embed App Extensions */ = {
			isa = PBXCopyFilesBuildPhase;
			buildActionMask = 2147483647;
			dstPath = "";
			dstSubfolderSpec = 13;
			files = (
				F54E205D1D50A1BF00607782 /* DMX-DIP Converter Today Extension.appex in Embed App Extensions */,
			);
			name = "Embed App Extensions";
			runOnlyForDeploymentPostprocessing = 0;
		};
/* End PBXCopyFilesBuildPhase section */

/* Begin PBXFileReference section */
		8E8867CB772E498117BCF04E /* Pods-DMX-DIP Converter.debug.xcconfig */ = {isa = PBXFileReference; includeInIndex = 1; lastKnownFileType = text.xcconfig; name = "Pods-DMX-DIP Converter.debug.xcconfig"; path = "Pods/Target Support Files/Pods-DMX-DIP Converter/Pods-DMX-DIP Converter.debug.xcconfig"; sourceTree = "<group>"; };
		A2FFF9B6EDEC26EDB22A7AA3 /* Pods-DMX-DIP Converter.release.xcconfig */ = {isa = PBXFileReference; includeInIndex = 1; lastKnownFileType = text.xcconfig; name = "Pods-DMX-DIP Converter.release.xcconfig"; path = "Pods/Target Support Files/Pods-DMX-DIP Converter/Pods-DMX-DIP Converter.release.xcconfig"; sourceTree = "<group>"; };
		B6D1FB9926D827957E4601B6 /* Pods_DMX_DIP_Converter.framework */ = {isa = PBXFileReference; explicitFileType = wrapper.framework; includeInIndex = 0; path = Pods_DMX_DIP_Converter.framework; sourceTree = BUILT_PRODUCTS_DIR; };
		F5137D131D635F3500D6497C /* DMX-DIP.swift */ = {isa = PBXFileReference; fileEncoding = 4; lastKnownFileType = sourcecode.swift; path = "DMX-DIP.swift"; sourceTree = "<group>"; };
		F51C2EBB1D3C4E0D002FDABB /* SettingsViewController.swift */ = {isa = PBXFileReference; fileEncoding = 4; lastKnownFileType = sourcecode.swift; path = SettingsViewController.swift; sourceTree = "<group>"; };
		F51C2EBD1D3C6160002FDABB /* DMX-DIP Converter.entitlements */ = {isa = PBXFileReference; lastKnownFileType = text.xml; path = "DMX-DIP Converter.entitlements"; sourceTree = "<group>"; };
		F54E20511D50A1BF00607782 /* DMX-DIP Converter Today Extension.appex */ = {isa = PBXFileReference; explicitFileType = "wrapper.app-extension"; includeInIndex = 0; path = "DMX-DIP Converter Today Extension.appex"; sourceTree = BUILT_PRODUCTS_DIR; };
		F54E20521D50A1BF00607782 /* NotificationCenter.framework */ = {isa = PBXFileReference; lastKnownFileType = wrapper.framework; name = NotificationCenter.framework; path = System/Library/Frameworks/NotificationCenter.framework; sourceTree = SDKROOT; };
		F54E20551D50A1BF00607782 /* TodayViewController.swift */ = {isa = PBXFileReference; lastKnownFileType = sourcecode.swift; path = TodayViewController.swift; sourceTree = "<group>"; };
		F54E20581D50A1BF00607782 /* Base */ = {isa = PBXFileReference; lastKnownFileType = file.storyboard; name = Base; path = Base.lproj/MainInterface.storyboard; sourceTree = "<group>"; };
		F54E205A1D50A1BF00607782 /* Info.plist */ = {isa = PBXFileReference; lastKnownFileType = text.plist.xml; path = Info.plist; sourceTree = "<group>"; };
		F550EFEF1D4959A900526336 /* GradientSlider.swift */ = {isa = PBXFileReference; fileEncoding = 4; lastKnownFileType = sourcecode.swift; path = GradientSlider.swift; sourceTree = "<group>"; };
		F57A23881D3AF94B00970E9E /* DMX-DIP Converter.app */ = {isa = PBXFileReference; explicitFileType = wrapper.application; includeInIndex = 0; path = "DMX-DIP Converter.app"; sourceTree = BUILT_PRODUCTS_DIR; };
		F57A238B1D3AF94B00970E9E /* AppDelegate.swift */ = {isa = PBXFileReference; lastKnownFileType = sourcecode.swift; path = AppDelegate.swift; sourceTree = "<group>"; };
		F57A238D1D3AF94B00970E9E /* ViewController.swift */ = {isa = PBXFileReference; lastKnownFileType = sourcecode.swift; path = ViewController.swift; sourceTree = "<group>"; };
		F57A23901D3AF94B00970E9E /* Base */ = {isa = PBXFileReference; lastKnownFileType = file.storyboard; name = Base; path = Base.lproj/Main.storyboard; sourceTree = "<group>"; };
		F57A23921D3AF94B00970E9E /* Assets.xcassets */ = {isa = PBXFileReference; lastKnownFileType = folder.assetcatalog; path = Assets.xcassets; sourceTree = "<group>"; };
		F57A23951D3AF94B00970E9E /* Base */ = {isa = PBXFileReference; lastKnownFileType = file.storyboard; name = Base; path = Base.lproj/LaunchScreen.storyboard; sourceTree = "<group>"; };
		F57A23971D3AF94B00970E9E /* Info.plist */ = {isa = PBXFileReference; lastKnownFileType = text.plist.xml; path = Info.plist; sourceTree = "<group>"; };
		F57A239C1D3AF94B00970E9E /* DMX-DIP ConverterTests.xctest */ = {isa = PBXFileReference; explicitFileType = wrapper.cfbundle; includeInIndex = 0; path = "DMX-DIP ConverterTests.xctest"; sourceTree = BUILT_PRODUCTS_DIR; };
		F57A23A01D3AF94B00970E9E /* DMX_DIP_ConverterTests.swift */ = {isa = PBXFileReference; lastKnownFileType = sourcecode.swift; path = DMX_DIP_ConverterTests.swift; sourceTree = "<group>"; };
		F57A23A21D3AF94B00970E9E /* Info.plist */ = {isa = PBXFileReference; lastKnownFileType = text.plist.xml; path = Info.plist; sourceTree = "<group>"; };
		F57A23A71D3AF94C00970E9E /* DMX-DIP ConverterUITests.xctest */ = {isa = PBXFileReference; explicitFileType = wrapper.cfbundle; includeInIndex = 0; path = "DMX-DIP ConverterUITests.xctest"; sourceTree = BUILT_PRODUCTS_DIR; };
		F57A23AB1D3AF94C00970E9E /* DMX_DIP_ConverterUITests.swift */ = {isa = PBXFileReference; lastKnownFileType = sourcecode.swift; path = DMX_DIP_ConverterUITests.swift; sourceTree = "<group>"; };
		F57A23AD1D3AF94C00970E9E /* Info.plist */ = {isa = PBXFileReference; lastKnownFileType = text.plist.xml; path = Info.plist; sourceTree = "<group>"; };
		F57A23BD1D3B588A00970E9E /* arrow_down_64.png */ = {isa = PBXFileReference; lastKnownFileType = image.png; name = arrow_down_64.png; path = "DMX-DIP Converter/icons/arrow_down_64.png"; sourceTree = "<group>"; };
		F57A23BE1D3B588A00970E9E /* arrow_up_64.png */ = {isa = PBXFileReference; lastKnownFileType = image.png; name = arrow_up_64.png; path = "DMX-DIP Converter/icons/arrow_up_64.png"; sourceTree = "<group>"; };
		F57A23BF1D3B588A00970E9E /* customswitch_off.png */ = {isa = PBXFileReference; lastKnownFileType = image.png; name = customswitch_off.png; path = "DMX-DIP Converter/icons/customswitch_off.png"; sourceTree = "<group>"; };
		F57A23C01D3B588A00970E9E /* customswitch_on.png */ = {isa = PBXFileReference; lastKnownFileType = image.png; name = customswitch_on.png; path = "DMX-DIP Converter/icons/customswitch_on.png"; sourceTree = "<group>"; };
		F57A23C11D3B588A00970E9E /* gear_64.png */ = {isa = PBXFileReference; lastKnownFileType = image.png; name = gear_64.png; path = "DMX-DIP Converter/icons/gear_64.png"; sourceTree = "<group>"; };
		F57E76811D472792008E746A /* ColorSelectorViewController.swift */ = {isa = PBXFileReference; fileEncoding = 4; lastKnownFileType = sourcecode.swift; path = ColorSelectorViewController.swift; sourceTree = "<group>"; };
		F57E76831D473463008E746A /* ColorCustomizationViewController.swift */ = {isa = PBXFileReference; fileEncoding = 4; lastKnownFileType = sourcecode.swift; path = ColorCustomizationViewController.swift; sourceTree = "<group>"; };
/* End PBXFileReference section */

/* Begin PBXFrameworksBuildPhase section */
		F54E204E1D50A1BF00607782 /* Frameworks */ = {
			isa = PBXFrameworksBuildPhase;
			buildActionMask = 2147483647;
			files = (
				F54E20531D50A1BF00607782 /* NotificationCenter.framework in Frameworks */,
			);
			runOnlyForDeploymentPostprocessing = 0;
		};
		F57A23851D3AF94B00970E9E /* Frameworks */ = {
			isa = PBXFrameworksBuildPhase;
			buildActionMask = 2147483647;
			files = (
				7E167A76B717C094A6F8B5EB /* Pods_DMX_DIP_Converter.framework in Frameworks */,
			);
			runOnlyForDeploymentPostprocessing = 0;
		};
		F57A23991D3AF94B00970E9E /* Frameworks */ = {
			isa = PBXFrameworksBuildPhase;
			buildActionMask = 2147483647;
			files = (
			);
			runOnlyForDeploymentPostprocessing = 0;
		};
		F57A23A41D3AF94C00970E9E /* Frameworks */ = {
			isa = PBXFrameworksBuildPhase;
			buildActionMask = 2147483647;
			files = (
			);
			runOnlyForDeploymentPostprocessing = 0;
		};
/* End PBXFrameworksBuildPhase section */

/* Begin PBXGroup section */
		07C04659DC3797D252261E7A /* Frameworks */ = {
			isa = PBXGroup;
			children = (
				B6D1FB9926D827957E4601B6 /* Pods_DMX_DIP_Converter.framework */,
				F54E20521D50A1BF00607782 /* NotificationCenter.framework */,
			);
			name = Frameworks;
			sourceTree = "<group>";
		};
		243EA474FDCAFA7FAE6C37F4 /* Pods */ = {
			isa = PBXGroup;
			children = (
				8E8867CB772E498117BCF04E /* Pods-DMX-DIP Converter.debug.xcconfig */,
				A2FFF9B6EDEC26EDB22A7AA3 /* Pods-DMX-DIP Converter.release.xcconfig */,
			);
			name = Pods;
			sourceTree = "<group>";
		};
		F54E20541D50A1BF00607782 /* DMX-DIP Converter Today Extension */ = {
			isa = PBXGroup;
			children = (
				F54E20551D50A1BF00607782 /* TodayViewController.swift */,
				F54E20571D50A1BF00607782 /* MainInterface.storyboard */,
				F54E205A1D50A1BF00607782 /* Info.plist */,
			);
			path = "DMX-DIP Converter Today Extension";
			sourceTree = "<group>";
		};
		F57A237F1D3AF94B00970E9E = {
			isa = PBXGroup;
			children = (
				F57A23BD1D3B588A00970E9E /* arrow_down_64.png */,
				F57A23BE1D3B588A00970E9E /* arrow_up_64.png */,
				F57A23BF1D3B588A00970E9E /* customswitch_off.png */,
				F57A23C01D3B588A00970E9E /* customswitch_on.png */,
				F57A23C11D3B588A00970E9E /* gear_64.png */,
				F57A238A1D3AF94B00970E9E /* DMX-DIP Converter */,
				F57A239F1D3AF94B00970E9E /* DMX-DIP ConverterTests */,
				F57A23AA1D3AF94C00970E9E /* DMX-DIP ConverterUITests */,
				F54E20541D50A1BF00607782 /* DMX-DIP Converter Today Extension */,
				F57A23891D3AF94B00970E9E /* Products */,
				243EA474FDCAFA7FAE6C37F4 /* Pods */,
				07C04659DC3797D252261E7A /* Frameworks */,
			);
			sourceTree = "<group>";
		};
		F57A23891D3AF94B00970E9E /* Products */ = {
			isa = PBXGroup;
			children = (
				F57A23881D3AF94B00970E9E /* DMX-DIP Converter.app */,
				F57A239C1D3AF94B00970E9E /* DMX-DIP ConverterTests.xctest */,
				F57A23A71D3AF94C00970E9E /* DMX-DIP ConverterUITests.xctest */,
				F54E20511D50A1BF00607782 /* DMX-DIP Converter Today Extension.appex */,
			);
			name = Products;
			sourceTree = "<group>";
		};
		F57A238A1D3AF94B00970E9E /* DMX-DIP Converter */ = {
			isa = PBXGroup;
			children = (
				F51C2EBD1D3C6160002FDABB /* DMX-DIP Converter.entitlements */,
				F57A238B1D3AF94B00970E9E /* AppDelegate.swift */,
				F57A238D1D3AF94B00970E9E /* ViewController.swift */,
				F5137D131D635F3500D6497C /* DMX-DIP.swift */,
				F51C2EBB1D3C4E0D002FDABB /* SettingsViewController.swift */,
				F57E76811D472792008E746A /* ColorSelectorViewController.swift */,
				F550EFEF1D4959A900526336 /* GradientSlider.swift */,
				F57E76831D473463008E746A /* ColorCustomizationViewController.swift */,
				F57A238F1D3AF94B00970E9E /* Main.storyboard */,
				F57A23921D3AF94B00970E9E /* Assets.xcassets */,
				F57A23941D3AF94B00970E9E /* LaunchScreen.storyboard */,
				F57A23971D3AF94B00970E9E /* Info.plist */,
			);
			path = "DMX-DIP Converter";
			sourceTree = "<group>";
		};
		F57A239F1D3AF94B00970E9E /* DMX-DIP ConverterTests */ = {
			isa = PBXGroup;
			children = (
				F57A23A01D3AF94B00970E9E /* DMX_DIP_ConverterTests.swift */,
				F57A23A21D3AF94B00970E9E /* Info.plist */,
			);
			path = "DMX-DIP ConverterTests";
			sourceTree = "<group>";
		};
		F57A23AA1D3AF94C00970E9E /* DMX-DIP ConverterUITests */ = {
			isa = PBXGroup;
			children = (
				F57A23AB1D3AF94C00970E9E /* DMX_DIP_ConverterUITests.swift */,
				F57A23AD1D3AF94C00970E9E /* Info.plist */,
			);
			path = "DMX-DIP ConverterUITests";
			sourceTree = "<group>";
		};
/* End PBXGroup section */

/* Begin PBXNativeTarget section */
		F54E20501D50A1BF00607782 /* DMX-DIP Converter Today Extension */ = {
			isa = PBXNativeTarget;
			buildConfigurationList = F54E205E1D50A1BF00607782 /* Build configuration list for PBXNativeTarget "DMX-DIP Converter Today Extension" */;
			buildPhases = (
				F54E204D1D50A1BF00607782 /* Sources */,
				F54E204E1D50A1BF00607782 /* Frameworks */,
				F54E204F1D50A1BF00607782 /* Resources */,
			);
			buildRules = (
			);
			dependencies = (
			);
			name = "DMX-DIP Converter Today Extension";
			productName = "DMX-DIP Converter Today Extension";
			productReference = F54E20511D50A1BF00607782 /* DMX-DIP Converter Today Extension.appex */;
			productType = "com.apple.product-type.app-extension";
		};
		F57A23871D3AF94B00970E9E /* DMX-DIP Converter */ = {
			isa = PBXNativeTarget;
			buildConfigurationList = F57A23B01D3AF94C00970E9E /* Build configuration list for PBXNativeTarget "DMX-DIP Converter" */;
			buildPhases = (
				F9F81A263B9C168737A4886B /* [CP] Check Pods Manifest.lock */,
				F57A23841D3AF94B00970E9E /* Sources */,
				F57A23851D3AF94B00970E9E /* Frameworks */,
				F57A23861D3AF94B00970E9E /* Resources */,
				155967944659A3F2B1C1F3A7 /* [CP] Embed Pods Frameworks */,
				A4BA800316AEE42BCDF2D538 /* [CP] Copy Pods Resources */,
				F54E20611D50A1BF00607782 /* Embed App Extensions */,
			);
			buildRules = (
			);
			dependencies = (
				F54E205C1D50A1BF00607782 /* PBXTargetDependency */,
			);
			name = "DMX-DIP Converter";
			productName = "DMX-DIP Converter";
			productReference = F57A23881D3AF94B00970E9E /* DMX-DIP Converter.app */;
			productType = "com.apple.product-type.application";
		};
		F57A239B1D3AF94B00970E9E /* DMX-DIP ConverterTests */ = {
			isa = PBXNativeTarget;
			buildConfigurationList = F57A23B31D3AF94C00970E9E /* Build configuration list for PBXNativeTarget "DMX-DIP ConverterTests" */;
			buildPhases = (
				F57A23981D3AF94B00970E9E /* Sources */,
				F57A23991D3AF94B00970E9E /* Frameworks */,
				F57A239A1D3AF94B00970E9E /* Resources */,
			);
			buildRules = (
			);
			dependencies = (
				F57A239E1D3AF94B00970E9E /* PBXTargetDependency */,
			);
			name = "DMX-DIP ConverterTests";
			productName = "DMX-DIP ConverterTests";
			productReference = F57A239C1D3AF94B00970E9E /* DMX-DIP ConverterTests.xctest */;
			productType = "com.apple.product-type.bundle.unit-test";
		};
		F57A23A61D3AF94C00970E9E /* DMX-DIP ConverterUITests */ = {
			isa = PBXNativeTarget;
			buildConfigurationList = F57A23B61D3AF94C00970E9E /* Build configuration list for PBXNativeTarget "DMX-DIP ConverterUITests" */;
			buildPhases = (
				F57A23A31D3AF94C00970E9E /* Sources */,
				F57A23A41D3AF94C00970E9E /* Frameworks */,
				F57A23A51D3AF94C00970E9E /* Resources */,
			);
			buildRules = (
			);
			dependencies = (
				F57A23A91D3AF94C00970E9E /* PBXTargetDependency */,
			);
			name = "DMX-DIP ConverterUITests";
			productName = "DMX-DIP ConverterUITests";
			productReference = F57A23A71D3AF94C00970E9E /* DMX-DIP ConverterUITests.xctest */;
			productType = "com.apple.product-type.bundle.ui-testing";
		};
/* End PBXNativeTarget section */

/* Begin PBXProject section */
		F57A23801D3AF94B00970E9E /* Project object */ = {
			isa = PBXProject;
			attributes = {
				LastSwiftUpdateCheck = 0800;
				LastUpgradeCheck = 0800;
				ORGANIZATIONNAME = collinseben;
				TargetAttributes = {
					F54E20501D50A1BF00607782 = {
						CreatedOnToolsVersion = 8.0;
						DevelopmentTeam = PN9YMD99V6;
						DevelopmentTeamName = "Eben Collins (Personal Team)";
						ProvisioningStyle = Automatic;
					};
					F57A23871D3AF94B00970E9E = {
						CreatedOnToolsVersion = 8.0;
						DevelopmentTeam = PN9YMD99V6;
						DevelopmentTeamName = "Eben Collins (Personal Team)";
						ProvisioningStyle = Automatic;
						SystemCapabilities = {
							com.apple.ApplicationGroups.iOS = {
								enabled = 0;
							};
						};
					};
					F57A239B1D3AF94B00970E9E = {
						CreatedOnToolsVersion = 8.0;
						DevelopmentTeam = PN9YMD99V6;
						DevelopmentTeamName = "Eben Collins (Personal Team)";
						ProvisioningStyle = Automatic;
						TestTargetID = F57A23871D3AF94B00970E9E;
					};
					F57A23A61D3AF94C00970E9E = {
						CreatedOnToolsVersion = 8.0;
						DevelopmentTeam = PN9YMD99V6;
						DevelopmentTeamName = "Eben Collins (Personal Team)";
						ProvisioningStyle = Automatic;
						TestTargetID = F57A23871D3AF94B00970E9E;
					};
				};
			};
			buildConfigurationList = F57A23831D3AF94B00970E9E /* Build configuration list for PBXProject "DMX-DIP Converter" */;
			compatibilityVersion = "Xcode 3.2";
			developmentRegion = English;
			hasScannedForEncodings = 0;
			knownRegions = (
				en,
				Base,
			);
			mainGroup = F57A237F1D3AF94B00970E9E;
			productRefGroup = F57A23891D3AF94B00970E9E /* Products */;
			projectDirPath = "";
			projectRoot = "";
			targets = (
				F57A23871D3AF94B00970E9E /* DMX-DIP Converter */,
				F57A239B1D3AF94B00970E9E /* DMX-DIP ConverterTests */,
				F57A23A61D3AF94C00970E9E /* DMX-DIP ConverterUITests */,
				F54E20501D50A1BF00607782 /* DMX-DIP Converter Today Extension */,
			);
		};
/* End PBXProject section */

/* Begin PBXResourcesBuildPhase section */
		F54E204F1D50A1BF00607782 /* Resources */ = {
			isa = PBXResourcesBuildPhase;
			buildActionMask = 2147483647;
			files = (
				F5137D1A1D63655300D6497C /* gear_64.png in Resources */,
				F54E20591D50A1BF00607782 /* MainInterface.storyboard in Resources */,
				F5137D161D63654B00D6497C /* customswitch_on.png in Resources */,
				F5137D181D63654F00D6497C /* arrow_up_64.png in Resources */,
				F5137D191D63655100D6497C /* arrow_down_64.png in Resources */,
				F5137D171D63654D00D6497C /* customswitch_off.png in Resources */,
			);
			runOnlyForDeploymentPostprocessing = 0;
		};
		F57A23861D3AF94B00970E9E /* Resources */ = {
			isa = PBXResourcesBuildPhase;
			buildActionMask = 2147483647;
			files = (
				F57A23961D3AF94B00970E9E /* LaunchScreen.storyboard in Resources */,
				F57A23931D3AF94B00970E9E /* Assets.xcassets in Resources */,
				F57A23C51D3B588A00970E9E /* customswitch_on.png in Resources */,
				F57A23C41D3B588A00970E9E /* customswitch_off.png in Resources */,
				F57A23C31D3B588A00970E9E /* arrow_up_64.png in Resources */,
				F57A23911D3AF94B00970E9E /* Main.storyboard in Resources */,
				F57A23C61D3B588A00970E9E /* gear_64.png in Resources */,
				F57A23C21D3B588A00970E9E /* arrow_down_64.png in Resources */,
			);
			runOnlyForDeploymentPostprocessing = 0;
		};
		F57A239A1D3AF94B00970E9E /* Resources */ = {
			isa = PBXResourcesBuildPhase;
			buildActionMask = 2147483647;
			files = (
			);
			runOnlyForDeploymentPostprocessing = 0;
		};
		F57A23A51D3AF94C00970E9E /* Resources */ = {
			isa = PBXResourcesBuildPhase;
			buildActionMask = 2147483647;
			files = (
			);
			runOnlyForDeploymentPostprocessing = 0;
		};
/* End PBXResourcesBuildPhase section */

/* Begin PBXShellScriptBuildPhase section */
		155967944659A3F2B1C1F3A7 /* [CP] Embed Pods Frameworks */ = {
			isa = PBXShellScriptBuildPhase;
			buildActionMask = 2147483647;
			files = (
			);
			inputPaths = (
			);
			name = "[CP] Embed Pods Frameworks";
			outputPaths = (
			);
			runOnlyForDeploymentPostprocessing = 0;
			shellPath = /bin/sh;
			shellScript = "\"${SRCROOT}/Pods/Target Support Files/Pods-DMX-DIP Converter/Pods-DMX-DIP Converter-frameworks.sh\"\n";
			showEnvVarsInLog = 0;
		};
		A4BA800316AEE42BCDF2D538 /* [CP] Copy Pods Resources */ = {
			isa = PBXShellScriptBuildPhase;
			buildActionMask = 2147483647;
			files = (
			);
			inputPaths = (
			);
			name = "[CP] Copy Pods Resources";
			outputPaths = (
			);
			runOnlyForDeploymentPostprocessing = 0;
			shellPath = /bin/sh;
			shellScript = "\"${SRCROOT}/Pods/Target Support Files/Pods-DMX-DIP Converter/Pods-DMX-DIP Converter-resources.sh\"\n";
			showEnvVarsInLog = 0;
		};
		F9F81A263B9C168737A4886B /* [CP] Check Pods Manifest.lock */ = {
			isa = PBXShellScriptBuildPhase;
			buildActionMask = 2147483647;
			files = (
			);
			inputPaths = (
			);
			name = "[CP] Check Pods Manifest.lock";
			outputPaths = (
			);
			runOnlyForDeploymentPostprocessing = 0;
			shellPath = /bin/sh;
			shellScript = "diff \"${PODS_ROOT}/../Podfile.lock\" \"${PODS_ROOT}/Manifest.lock\" > /dev/null\nif [[ $? != 0 ]] ; then\n    cat << EOM\nerror: The sandbox is not in sync with the Podfile.lock. Run 'pod install' or update your CocoaPods installation.\nEOM\n    exit 1\nfi\n";
			showEnvVarsInLog = 0;
		};
/* End PBXShellScriptBuildPhase section */

/* Begin PBXSourcesBuildPhase section */
		F54E204D1D50A1BF00607782 /* Sources */ = {
			isa = PBXSourcesBuildPhase;
			buildActionMask = 2147483647;
			files = (
				F54E20561D50A1BF00607782 /* TodayViewController.swift in Sources */,
				F5137D151D635FB500D6497C /* DMX-DIP.swift in Sources */,
			);
			runOnlyForDeploymentPostprocessing = 0;
		};
		F57A23841D3AF94B00970E9E /* Sources */ = {
			isa = PBXSourcesBuildPhase;
			buildActionMask = 2147483647;
			files = (
				F5137D141D635F3500D6497C /* DMX-DIP.swift in Sources */,
				F57A238E1D3AF94B00970E9E /* ViewController.swift in Sources */,
				F57E76821D472792008E746A /* ColorSelectorViewController.swift in Sources */,
				F57A238C1D3AF94B00970E9E /* AppDelegate.swift in Sources */,
				F57E76841D473463008E746A /* ColorCustomizationViewController.swift in Sources */,
				F550EFF01D4959AA00526336 /* GradientSlider.swift in Sources */,
				F51C2EBC1D3C4E0D002FDABB /* SettingsViewController.swift in Sources */,
			);
			runOnlyForDeploymentPostprocessing = 0;
		};
		F57A23981D3AF94B00970E9E /* Sources */ = {
			isa = PBXSourcesBuildPhase;
			buildActionMask = 2147483647;
			files = (
				F57A23A11D3AF94B00970E9E /* DMX_DIP_ConverterTests.swift in Sources */,
			);
			runOnlyForDeploymentPostprocessing = 0;
		};
		F57A23A31D3AF94C00970E9E /* Sources */ = {
			isa = PBXSourcesBuildPhase;
			buildActionMask = 2147483647;
			files = (
				F57A23AC1D3AF94C00970E9E /* DMX_DIP_ConverterUITests.swift in Sources */,
			);
			runOnlyForDeploymentPostprocessing = 0;
		};
/* End PBXSourcesBuildPhase section */

/* Begin PBXTargetDependency section */
		F54E205C1D50A1BF00607782 /* PBXTargetDependency */ = {
			isa = PBXTargetDependency;
			target = F54E20501D50A1BF00607782 /* DMX-DIP Converter Today Extension */;
			targetProxy = F54E205B1D50A1BF00607782 /* PBXContainerItemProxy */;
		};
		F57A239E1D3AF94B00970E9E /* PBXTargetDependency */ = {
			isa = PBXTargetDependency;
			target = F57A23871D3AF94B00970E9E /* DMX-DIP Converter */;
			targetProxy = F57A239D1D3AF94B00970E9E /* PBXContainerItemProxy */;
		};
		F57A23A91D3AF94C00970E9E /* PBXTargetDependency */ = {
			isa = PBXTargetDependency;
			target = F57A23871D3AF94B00970E9E /* DMX-DIP Converter */;
			targetProxy = F57A23A81D3AF94C00970E9E /* PBXContainerItemProxy */;
		};
/* End PBXTargetDependency section */

/* Begin PBXVariantGroup section */
		F54E20571D50A1BF00607782 /* MainInterface.storyboard */ = {
			isa = PBXVariantGroup;
			children = (
				F54E20581D50A1BF00607782 /* Base */,
			);
			name = MainInterface.storyboard;
			sourceTree = "<group>";
		};
		F57A238F1D3AF94B00970E9E /* Main.storyboard */ = {
			isa = PBXVariantGroup;
			children = (
				F57A23901D3AF94B00970E9E /* Base */,
			);
			name = Main.storyboard;
			sourceTree = "<group>";
		};
		F57A23941D3AF94B00970E9E /* LaunchScreen.storyboard */ = {
			isa = PBXVariantGroup;
			children = (
				F57A23951D3AF94B00970E9E /* Base */,
			);
			name = LaunchScreen.storyboard;
			sourceTree = "<group>";
		};
/* End PBXVariantGroup section */

/* Begin XCBuildConfiguration section */
		F54E205F1D50A1BF00607782 /* Debug */ = {
			isa = XCBuildConfiguration;
			buildSettings = {
				INFOPLIST_FILE = "DMX-DIP Converter Today Extension/Info.plist";
				LD_RUNPATH_SEARCH_PATHS = "$(inherited) @executable_path/Frameworks @executable_path/../../Frameworks";
				PRODUCT_BUNDLE_IDENTIFIER = "com.gmail.collinseben.DMX-DIP-Converter.DMX-DIP-Converter-Today-Extension";
				PRODUCT_NAME = "$(TARGET_NAME)";
				SKIP_INSTALL = YES;
				SWIFT_VERSION = 3.0;
			};
			name = Debug;
		};
		F54E20601D50A1BF00607782 /* Release */ = {
			isa = XCBuildConfiguration;
			buildSettings = {
				INFOPLIST_FILE = "DMX-DIP Converter Today Extension/Info.plist";
				LD_RUNPATH_SEARCH_PATHS = "$(inherited) @executable_path/Frameworks @executable_path/../../Frameworks";
				PRODUCT_BUNDLE_IDENTIFIER = "com.gmail.collinseben.DMX-DIP-Converter.DMX-DIP-Converter-Today-Extension";
				PRODUCT_NAME = "$(TARGET_NAME)";
				SKIP_INSTALL = YES;
				SWIFT_VERSION = 3.0;
			};
			name = Release;
		};
		F57A23AE1D3AF94C00970E9E /* Debug */ = {
			isa = XCBuildConfiguration;
			buildSettings = {
				ALWAYS_SEARCH_USER_PATHS = NO;
				CLANG_ANALYZER_NONNULL = YES;
				CLANG_CXX_LANGUAGE_STANDARD = "gnu++0x";
				CLANG_CXX_LIBRARY = "libc++";
				CLANG_ENABLE_MODULES = YES;
				CLANG_ENABLE_OBJC_ARC = YES;
				CLANG_WARN_BOOL_CONVERSION = YES;
				CLANG_WARN_CONSTANT_CONVERSION = YES;
				CLANG_WARN_DIRECT_OBJC_ISA_USAGE = YES_ERROR;
				CLANG_WARN_DOCUMENTATION_COMMENTS = YES;
				CLANG_WARN_EMPTY_BODY = YES;
				CLANG_WARN_ENUM_CONVERSION = YES;
				CLANG_WARN_INFINITE_RECURSION = YES;
				CLANG_WARN_INT_CONVERSION = YES;
				CLANG_WARN_OBJC_ROOT_CLASS = YES_ERROR;
				CLANG_WARN_SUSPICIOUS_MOVE = YES;
				CLANG_WARN_UNREACHABLE_CODE = YES;
				CLANG_WARN__DUPLICATE_METHOD_MATCH = YES;
				"CODE_SIGN_IDENTITY[sdk=iphoneos*]" = "iPhone Developer";
				COPY_PHASE_STRIP = NO;
				DEBUG_INFORMATION_FORMAT = dwarf;
				ENABLE_STRICT_OBJC_MSGSEND = YES;
				ENABLE_TESTABILITY = YES;
				GCC_C_LANGUAGE_STANDARD = gnu99;
				GCC_DYNAMIC_NO_PIC = NO;
				GCC_NO_COMMON_BLOCKS = YES;
				GCC_OPTIMIZATION_LEVEL = 0;
				GCC_PREPROCESSOR_DEFINITIONS = (
					"DEBUG=1",
					"$(inherited)",
				);
				GCC_WARN_64_TO_32_BIT_CONVERSION = YES;
				GCC_WARN_ABOUT_RETURN_TYPE = YES_ERROR;
				GCC_WARN_UNDECLARED_SELECTOR = YES;
				GCC_WARN_UNINITIALIZED_AUTOS = YES_AGGRESSIVE;
				GCC_WARN_UNUSED_FUNCTION = YES;
				GCC_WARN_UNUSED_VARIABLE = YES;
				IPHONEOS_DEPLOYMENT_TARGET = 10.0;
				MTL_ENABLE_DEBUG_INFO = YES;
				ONLY_ACTIVE_ARCH = YES;
				SDKROOT = iphoneos;
				SWIFT_ACTIVE_COMPILATION_CONDITIONS = DEBUG;
				SWIFT_OPTIMIZATION_LEVEL = "-Onone";
				TARGETED_DEVICE_FAMILY = "1,2";
			};
			name = Debug;
		};
		F57A23AF1D3AF94C00970E9E /* Release */ = {
			isa = XCBuildConfiguration;
			buildSettings = {
				ALWAYS_SEARCH_USER_PATHS = NO;
				CLANG_ANALYZER_NONNULL = YES;
				CLANG_CXX_LANGUAGE_STANDARD = "gnu++0x";
				CLANG_CXX_LIBRARY = "libc++";
				CLANG_ENABLE_MODULES = YES;
				CLANG_ENABLE_OBJC_ARC = YES;
				CLANG_WARN_BOOL_CONVERSION = YES;
				CLANG_WARN_CONSTANT_CONVERSION = YES;
				CLANG_WARN_DIRECT_OBJC_ISA_USAGE = YES_ERROR;
				CLANG_WARN_DOCUMENTATION_COMMENTS = YES;
				CLANG_WARN_EMPTY_BODY = YES;
				CLANG_WARN_ENUM_CONVERSION = YES;
				CLANG_WARN_INFINITE_RECURSION = YES;
				CLANG_WARN_INT_CONVERSION = YES;
				CLANG_WARN_OBJC_ROOT_CLASS = YES_ERROR;
				CLANG_WARN_SUSPICIOUS_MOVE = YES;
				CLANG_WARN_UNREACHABLE_CODE = YES;
				CLANG_WARN__DUPLICATE_METHOD_MATCH = YES;
				"CODE_SIGN_IDENTITY[sdk=iphoneos*]" = "iPhone Developer";
				COPY_PHASE_STRIP = NO;
				DEBUG_INFORMATION_FORMAT = "dwarf-with-dsym";
				ENABLE_NS_ASSERTIONS = NO;
				ENABLE_STRICT_OBJC_MSGSEND = YES;
				GCC_C_LANGUAGE_STANDARD = gnu99;
				GCC_NO_COMMON_BLOCKS = YES;
				GCC_WARN_64_TO_32_BIT_CONVERSION = YES;
				GCC_WARN_ABOUT_RETURN_TYPE = YES_ERROR;
				GCC_WARN_UNDECLARED_SELECTOR = YES;
				GCC_WARN_UNINITIALIZED_AUTOS = YES_AGGRESSIVE;
				GCC_WARN_UNUSED_FUNCTION = YES;
				GCC_WARN_UNUSED_VARIABLE = YES;
				IPHONEOS_DEPLOYMENT_TARGET = 10.0;
				MTL_ENABLE_DEBUG_INFO = NO;
				SDKROOT = iphoneos;
				SWIFT_OPTIMIZATION_LEVEL = "-Owholemodule";
				TARGETED_DEVICE_FAMILY = "1,2";
				VALIDATE_PRODUCT = YES;
			};
			name = Release;
		};
		F57A23B11D3AF94C00970E9E /* Debug */ = {
			isa = XCBuildConfiguration;
			baseConfigurationReference = 8E8867CB772E498117BCF04E /* Pods-DMX-DIP Converter.debug.xcconfig */;
			buildSettings = {
				ALWAYS_EMBED_SWIFT_STANDARD_LIBRARIES = YES;
				ASSETCATALOG_COMPILER_APPICON_NAME = AppIcon;
				INFOPLIST_FILE = "DMX-DIP Converter/Info.plist";
				LD_RUNPATH_SEARCH_PATHS = "$(inherited) @executable_path/Frameworks";
				PRODUCT_BUNDLE_IDENTIFIER = "com.gmail.collinseben.DMX-DIP-Converter";
				PRODUCT_NAME = "$(TARGET_NAME)";
				SWIFT_VERSION = 3.0;
			};
			name = Debug;
		};
		F57A23B21D3AF94C00970E9E /* Release */ = {
			isa = XCBuildConfiguration;
			baseConfigurationReference = A2FFF9B6EDEC26EDB22A7AA3 /* Pods-DMX-DIP Converter.release.xcconfig */;
			buildSettings = {
				ALWAYS_EMBED_SWIFT_STANDARD_LIBRARIES = YES;
				ASSETCATALOG_COMPILER_APPICON_NAME = AppIcon;
				INFOPLIST_FILE = "DMX-DIP Converter/Info.plist";
				LD_RUNPATH_SEARCH_PATHS = "$(inherited) @executable_path/Frameworks";
				PRODUCT_BUNDLE_IDENTIFIER = "com.gmail.collinseben.DMX-DIP-Converter";
				PRODUCT_NAME = "$(TARGET_NAME)";
				SWIFT_VERSION = 3.0;
			};
			name = Release;
		};
		F57A23B41D3AF94C00970E9E /* Debug */ = {
			isa = XCBuildConfiguration;
			buildSettings = {
				BUNDLE_LOADER = "$(TEST_HOST)";
				INFOPLIST_FILE = "DMX-DIP ConverterTests/Info.plist";
				LD_RUNPATH_SEARCH_PATHS = "$(inherited) @executable_path/Frameworks @loader_path/Frameworks";
				PRODUCT_BUNDLE_IDENTIFIER = "com.gmail.collinseben.DMX-DIP-ConverterTests";
				PRODUCT_NAME = "$(TARGET_NAME)";
				SWIFT_VERSION = 3.0;
				TEST_HOST = "$(BUILT_PRODUCTS_DIR)/DMX-DIP Converter.app/DMX-DIP Converter";
			};
			name = Debug;
		};
		F57A23B51D3AF94C00970E9E /* Release */ = {
			isa = XCBuildConfiguration;
			buildSettings = {
				BUNDLE_LOADER = "$(TEST_HOST)";
				INFOPLIST_FILE = "DMX-DIP ConverterTests/Info.plist";
				LD_RUNPATH_SEARCH_PATHS = "$(inherited) @executable_path/Frameworks @loader_path/Frameworks";
				PRODUCT_BUNDLE_IDENTIFIER = "com.gmail.collinseben.DMX-DIP-ConverterTests";
				PRODUCT_NAME = "$(TARGET_NAME)";
				SWIFT_VERSION = 3.0;
				TEST_HOST = "$(BUILT_PRODUCTS_DIR)/DMX-DIP Converter.app/DMX-DIP Converter";
			};
			name = Release;
		};
		F57A23B71D3AF94C00970E9E /* Debug */ = {
			isa = XCBuildConfiguration;
			buildSettings = {
				INFOPLIST_FILE = "DMX-DIP ConverterUITests/Info.plist";
				LD_RUNPATH_SEARCH_PATHS = "$(inherited) @executable_path/Frameworks @loader_path/Frameworks";
				PRODUCT_BUNDLE_IDENTIFIER = "com.gmail.collinseben.DMX-DIP-ConverterUITests";
				PRODUCT_NAME = "$(TARGET_NAME)";
				SWIFT_VERSION = 3.0;
				TEST_TARGET_NAME = "DMX-DIP Converter";
			};
			name = Debug;
		};
		F57A23B81D3AF94C00970E9E /* Release */ = {
			isa = XCBuildConfiguration;
			buildSettings = {
				INFOPLIST_FILE = "DMX-DIP ConverterUITests/Info.plist";
				LD_RUNPATH_SEARCH_PATHS = "$(inherited) @executable_path/Frameworks @loader_path/Frameworks";
				PRODUCT_BUNDLE_IDENTIFIER = "com.gmail.collinseben.DMX-DIP-ConverterUITests";
				PRODUCT_NAME = "$(TARGET_NAME)";
				SWIFT_VERSION = 3.0;
				TEST_TARGET_NAME = "DMX-DIP Converter";
			};
			name = Release;
		};
/* End XCBuildConfiguration section */

/* Begin XCConfigurationList section */
		F54E205E1D50A1BF00607782 /* Build configuration list for PBXNativeTarget "DMX-DIP Converter Today Extension" */ = {
			isa = XCConfigurationList;
			buildConfigurations = (
				F54E205F1D50A1BF00607782 /* Debug */,
				F54E20601D50A1BF00607782 /* Release */,
			);
			defaultConfigurationIsVisible = 0;
			defaultConfigurationName = Release;
		};
		F57A23831D3AF94B00970E9E /* Build configuration list for PBXProject "DMX-DIP Converter" */ = {
			isa = XCConfigurationList;
			buildConfigurations = (
				F57A23AE1D3AF94C00970E9E /* Debug */,
				F57A23AF1D3AF94C00970E9E /* Release */,
			);
			defaultConfigurationIsVisible = 0;
			defaultConfigurationName = Release;
		};
		F57A23B01D3AF94C00970E9E /* Build configuration list for PBXNativeTarget "DMX-DIP Converter" */ = {
			isa = XCConfigurationList;
			buildConfigurations = (
				F57A23B11D3AF94C00970E9E /* Debug */,
				F57A23B21D3AF94C00970E9E /* Release */,
			);
			defaultConfigurationIsVisible = 0;
			defaultConfigurationName = Release;
		};
		F57A23B31D3AF94C00970E9E /* Build configuration list for PBXNativeTarget "DMX-DIP ConverterTests" */ = {
			isa = XCConfigurationList;
			buildConfigurations = (
				F57A23B41D3AF94C00970E9E /* Debug */,
				F57A23B51D3AF94C00970E9E /* Release */,
			);
			defaultConfigurationIsVisible = 0;
			defaultConfigurationName = Release;
		};
		F57A23B61D3AF94C00970E9E /* Build configuration list for PBXNativeTarget "DMX-DIP ConverterUITests" */ = {
			isa = XCConfigurationList;
			buildConfigurations = (
				F57A23B71D3AF94C00970E9E /* Debug */,
				F57A23B81D3AF94C00970E9E /* Release */,
			);
			defaultConfigurationIsVisible = 0;
			defaultConfigurationName = Release;
		};
/* End XCConfigurationList section */
	};
	rootObject = F57A23801D3AF94B00970E9E /* Project object */;
}
